
Microsoft Visual Studio Solution File, Format Version 12.00
# Visual Studio Version 17
VisualStudioVersion = 17.9.34728.123
MinimumVisualStudioVersion = 10.0.40219.1
Project("{8BC9CEB8-8B4A-11D0-8D11-00A0C91BC942}") = "ProgrammingLanguage3_01", "ProgrammingLanguage3_01.vcxproj", "{772291B5-1FC2-4453-9F1D-AC862304B521}"
EndProject
Global
	GlobalSection(SolutionConfigurationPlatforms) = preSolution
		Debug|x64 = Debug|x64
		Debug|x86 = Debug|x86
		Release|x64 = Release|x64
		Release|x86 = Release|x86
	EndGlobalSection
	GlobalSection(ProjectConfigurationPlatforms) = postSolution
		{772291B5-1FC2-4453-9F1D-AC862304B521}.Debug|x64.ActiveCfg = Debug|x64
		{772291B5-1FC2-4453-9F1D-AC862304B521}.Debug|x64.Build.0 = Debug|x64
		{772291B5-1FC2-4453-9F1D-AC862304B521}.Debug|x86.ActiveCfg = Debug|Win32
		{772291B5-1FC2-4453-9F1D-AC862304B521}.Debug|x86.Build.0 = Debug|Win32
		{772291B5-1FC2-4453-9F1D-AC862304B521}.Release|x64.ActiveCfg = Release|x64
		{772291B5-1FC2-4453-9F1D-AC862304B521}.Release|x64.Build.0 = Release|x64
		{772291B5-1FC2-4453-9F1D-AC862304B521}.Release|x86.ActiveCfg = Release|Win32
		{772291B5-1FC2-4453-9F1D-AC862304B521}.Release|x86.Build.0 = Release|Win32
	EndGlobalSection
	GlobalSection(SolutionProperties) = preSolution
		HideSolutionNode = FALSE
	EndGlobalSection
	GlobalSection(ExtensibilityGlobals) = postSolution
		SolutionGuid = {9CB97EDC-E921-4CC4-9997-229A729BCB7D}
	EndGlobalSection
EndGlobal
